
Microsoft Visual Studio Solution File, Format Version 12.00
# Visual Studio 15
VisualStudioVersion = 15.0.27130.2024
MinimumVisualStudioVersion = 10.0.40219.1
Project("{FAE04EC0-301F-11D3-BF4B-00C04F79EFBC}") = "Calculator", "Calculator\Calculator.csproj", "{DA9AB31F-DD03-494D-9B2E-4CD5D3FC9D4B}"
EndProject
Project("{FAE04EC0-301F-11D3-BF4B-00C04F79EFBC}") = "Calculator.Engine", "Calculator.Engine\Calculator.Engine.csproj", "{A5B4DFB1-768B-48A8-B9B8-D25B37802131}"
EndProject
Project("{FAE04EC0-301F-11D3-BF4B-00C04F79EFBC}") = "Calculator.Test", "Calculator.Test\Calculator.Test.csproj", "{8D65B81F-E4BB-41BB-9495-0EE75DECBE92}"
EndProject
Global
	GlobalSection(SolutionConfigurationPlatforms) = preSolution
		Debug|Any CPU = Debug|Any CPU
		Release|Any CPU = Release|Any CPU
	EndGlobalSection
	GlobalSection(ProjectConfigurationPlatforms) = postSolution
		{DA9AB31F-DD03-494D-9B2E-4CD5D3FC9D4B}.Debug|Any CPU.ActiveCfg = Debug|Any CPU
		{DA9AB31F-DD03-494D-9B2E-4CD5D3FC9D4B}.Debug|Any CPU.Build.0 = Debug|Any CPU
		{DA9AB31F-DD03-494D-9B2E-4CD5D3FC9D4B}.Release|Any CPU.ActiveCfg = Release|Any CPU
		{DA9AB31F-DD03-494D-9B2E-4CD5D3FC9D4B}.Release|Any CPU.Build.0 = Release|Any CPU
		{A5B4DFB1-768B-48A8-B9B8-D25B37802131}.Debug|Any CPU.ActiveCfg = Debug|Any CPU
		{A5B4DFB1-768B-48A8-B9B8-D25B37802131}.Debug|Any CPU.Build.0 = Debug|Any CPU
		{A5B4DFB1-768B-48A8-B9B8-D25B37802131}.Release|Any CPU.ActiveCfg = Release|Any CPU
		{A5B4DFB1-768B-48A8-B9B8-D25B37802131}.Release|Any CPU.Build.0 = Release|Any CPU
		{8D65B81F-E4BB-41BB-9495-0EE75DECBE92}.Debug|Any CPU.ActiveCfg = Debug|Any CPU
		{8D65B81F-E4BB-41BB-9495-0EE75DECBE92}.Debug|Any CPU.Build.0 = Debug|Any CPU
		{8D65B81F-E4BB-41BB-9495-0EE75DECBE92}.Release|Any CPU.ActiveCfg = Release|Any CPU
		{8D65B81F-E4BB-41BB-9495-0EE75DECBE92}.Release|Any CPU.Build.0 = Release|Any CPU
	EndGlobalSection
	GlobalSection(SolutionProperties) = preSolution
		HideSolutionNode = FALSE
	EndGlobalSection
	GlobalSection(ExtensibilityGlobals) = postSolution
		SolutionGuid = {942FE4E1-BDA8-45F7-89E8-AE0A2CA003CC}
	EndGlobalSection
EndGlobal
